// !$*UTF8*$!
{
	archiveVersion = 1;
	classes = {
	};
	objectVersion = 46;
	objects = {

/* Begin PBXBuildFile section */
		9C8C2B9D1B08E659006DF395 /* SearchViewModel.m in Sources */ = {isa = PBXBuildFile; fileRef = 9C8C2B9C1B08E659006DF395 /* SearchViewModel.m */; };
		9C8C2BA01B08E695006DF395 /* SearchResultsViewModel.m in Sources */ = {isa = PBXBuildFile; fileRef = 9C8C2B9F1B08E695006DF395 /* SearchResultsViewModel.m */; };
		9C8C2BA31B08EEC6006DF395 /* SearchResultsCell.m in Sources */ = {isa = PBXBuildFile; fileRef = 9C8C2BA21B08EEC6006DF395 /* SearchResultsCell.m */; };
		9C8C2BA81B0922F8006DF395 /* Search.xcdatamodeld in Sources */ = {isa = PBXBuildFile; fileRef = 9C8C2BA61B0922F8006DF395 /* Search.xcdatamodeld */; };
		9C8C2BAD1B0924FC006DF395 /* _ManagedVolume.m in Sources */ = {isa = PBXBuildFile; fileRef = 9C8C2BAA1B0924FC006DF395 /* _ManagedVolume.m */; };
		9C8C2BAE1B0924FC006DF395 /* ManagedVolume.m in Sources */ = {isa = PBXBuildFile; fileRef = 9C8C2BAC1B0924FC006DF395 /* ManagedVolume.m */; };
		9CA469221B06FD9300A5208A /* main.m in Sources */ = {isa = PBXBuildFile; fileRef = 9CA469211B06FD9300A5208A /* main.m */; };
		9CA469251B06FD9300A5208A /* AppDelegate.m in Sources */ = {isa = PBXBuildFile; fileRef = 9CA469241B06FD9300A5208A /* AppDelegate.m */; };
		9CA4692E1B06FD9300A5208A /* Main.storyboard in Resources */ = {isa = PBXBuildFile; fileRef = 9CA4692C1B06FD9300A5208A /* Main.storyboard */; };
		9CA469301B06FD9300A5208A /* Images.xcassets in Resources */ = {isa = PBXBuildFile; fileRef = 9CA4692F1B06FD9300A5208A /* Images.xcassets */; };
		9CA469331B06FD9300A5208A /* LaunchScreen.xib in Resources */ = {isa = PBXBuildFile; fileRef = 9CA469311B06FD9300A5208A /* LaunchScreen.xib */; };
		9CA4693F1B06FD9300A5208A /* ComicsTests.m in Sources */ = {isa = PBXBuildFile; fileRef = 9CA4693E1B06FD9300A5208A /* ComicsTests.m */; };
		9CA4694A1B06FF1800A5208A /* SearchViewController.m in Sources */ = {isa = PBXBuildFile; fileRef = 9CA469491B06FF1800A5208A /* SearchViewController.m */; };
		9CA4694E1B07034900A5208A /* SuggestionsViewController.m in Sources */ = {isa = PBXBuildFile; fileRef = 9CA4694D1B07034900A5208A /* SuggestionsViewController.m */; };
		9CA469531B07083500A5208A /* SuggestionsViewModel.m in Sources */ = {isa = PBXBuildFile; fileRef = 9CA469521B07083500A5208A /* SuggestionsViewModel.m */; };
		9CAE7D631B1A71B20076F8E6 /* Character.m in Sources */ = {isa = PBXBuildFile; fileRef = 9CAE7D621B1A71B20076F8E6 /* Character.m */; };
		9CE17E981B07A4D500189CF0 /* ComicsVineClient.m in Sources */ = {isa = PBXBuildFile; fileRef = 9CE17E971B07A4D500189CF0 /* ComicsVineClient.m */; };
		9CE17E9B1B07DA3300189CF0 /* Response.m in Sources */ = {isa = PBXBuildFile; fileRef = 9CE17E9A1B07DA3300189CF0 /* Response.m */; };
		9CE17EA01B07DEB800189CF0 /* Volume.m in Sources */ = {isa = PBXBuildFile; fileRef = 9CE17E9F1B07DEB800189CF0 /* Volume.m */; };
		CD6F850F3A0F5B405AD708BC /* libPods-Comics.a in Frameworks */ = {isa = PBXBuildFile; fileRef = 752E7497B4764D21B00B0628 /* libPods-Comics.a */; };
/* End PBXBuildFile section */

/* Begin PBXContainerItemProxy section */
		9CA469391B06FD9300A5208A /* PBXContainerItemProxy */ = {
			isa = PBXContainerItemProxy;
			containerPortal = 9CA469141B06FD9200A5208A /* Project object */;
			proxyType = 1;
			remoteGlobalIDString = 9CA4691B1B06FD9300A5208A;
			remoteInfo = Comics;
		};
/* End PBXContainerItemProxy section */

/* Begin PBXFileReference section */
		752E7497B4764D21B00B0628 /* libPods-Comics.a */ = {isa = PBXFileReference; explicitFileType = archive.ar; includeInIndex = 0; path = "libPods-Comics.a"; sourceTree = BUILT_PRODUCTS_DIR; };
		7F7E3C8DE39EEF4C1C0E17F5 /* Pods-Comics.release.xcconfig */ = {isa = PBXFileReference; includeInIndex = 1; lastKnownFileType = text.xcconfig; name = "Pods-Comics.release.xcconfig"; path = "Pods/Target Support Files/Pods-Comics/Pods-Comics.release.xcconfig"; sourceTree = "<group>"; };
		9C8C2B9B1B08E659006DF395 /* SearchViewModel.h */ = {isa = PBXFileReference; fileEncoding = 4; lastKnownFileType = sourcecode.c.h; path = SearchViewModel.h; sourceTree = "<group>"; };
		9C8C2B9C1B08E659006DF395 /* SearchViewModel.m */ = {isa = PBXFileReference; fileEncoding = 4; lastKnownFileType = sourcecode.c.objc; path = SearchViewModel.m; sourceTree = "<group>"; };
		9C8C2B9E1B08E695006DF395 /* SearchResultsViewModel.h */ = {isa = PBXFileReference; fileEncoding = 4; lastKnownFileType = sourcecode.c.h; path = SearchResultsViewModel.h; sourceTree = "<group>"; };
		9C8C2B9F1B08E695006DF395 /* SearchResultsViewModel.m */ = {isa = PBXFileReference; fileEncoding = 4; lastKnownFileType = sourcecode.c.objc; path = SearchResultsViewModel.m; sourceTree = "<group>"; };
		9C8C2BA11B08EEC6006DF395 /* SearchResultsCell.h */ = {isa = PBXFileReference; fileEncoding = 4; lastKnownFileType = sourcecode.c.h; path = SearchResultsCell.h; sourceTree = "<group>"; };
		9C8C2BA21B08EEC6006DF395 /* SearchResultsCell.m */ = {isa = PBXFileReference; fileEncoding = 4; lastKnownFileType = sourcecode.c.objc; path = SearchResultsCell.m; sourceTree = "<group>"; };
		9C8C2BA71B0922F8006DF395 /* Search.xcdatamodel */ = {isa = PBXFileReference; lastKnownFileType = wrapper.xcdatamodel; path = Search.xcdatamodel; sourceTree = "<group>"; };
		9C8C2BA91B0924FC006DF395 /* _ManagedVolume.h */ = {isa = PBXFileReference; fileEncoding = 4; lastKnownFileType = sourcecode.c.h; path = _ManagedVolume.h; sourceTree = "<group>"; };
		9C8C2BAA1B0924FC006DF395 /* _ManagedVolume.m */ = {isa = PBXFileReference; fileEncoding = 4; lastKnownFileType = sourcecode.c.objc; path = _ManagedVolume.m; sourceTree = "<group>"; };
		9C8C2BAB1B0924FC006DF395 /* ManagedVolume.h */ = {isa = PBXFileReference; fileEncoding = 4; lastKnownFileType = sourcecode.c.h; path = ManagedVolume.h; sourceTree = "<group>"; };
		9C8C2BAC1B0924FC006DF395 /* ManagedVolume.m */ = {isa = PBXFileReference; fileEncoding = 4; lastKnownFileType = sourcecode.c.objc; path = ManagedVolume.m; sourceTree = "<group>"; };
		9CA4691C1B06FD9300A5208A /* Comics.app */ = {isa = PBXFileReference; explicitFileType = wrapper.application; includeInIndex = 0; path = Comics.app; sourceTree = BUILT_PRODUCTS_DIR; };
		9CA469201B06FD9300A5208A /* Info.plist */ = {isa = PBXFileReference; lastKnownFileType = text.plist.xml; path = Info.plist; sourceTree = "<group>"; };
		9CA469211B06FD9300A5208A /* main.m */ = {isa = PBXFileReference; lastKnownFileType = sourcecode.c.objc; path = main.m; sourceTree = "<group>"; };
		9CA469231B06FD9300A5208A /* AppDelegate.h */ = {isa = PBXFileReference; lastKnownFileType = sourcecode.c.h; path = AppDelegate.h; sourceTree = "<group>"; };
		9CA469241B06FD9300A5208A /* AppDelegate.m */ = {isa = PBXFileReference; lastKnownFileType = sourcecode.c.objc; path = AppDelegate.m; sourceTree = "<group>"; };
		9CA4692D1B06FD9300A5208A /* Base */ = {isa = PBXFileReference; lastKnownFileType = file.storyboard; name = Base; path = Base.lproj/Main.storyboard; sourceTree = "<group>"; };
		9CA4692F1B06FD9300A5208A /* Images.xcassets */ = {isa = PBXFileReference; lastKnownFileType = folder.assetcatalog; path = Images.xcassets; sourceTree = "<group>"; };
		9CA469321B06FD9300A5208A /* Base */ = {isa = PBXFileReference; lastKnownFileType = file.xib; name = Base; path = Base.lproj/LaunchScreen.xib; sourceTree = "<group>"; };
		9CA469381B06FD9300A5208A /* ComicsTests.xctest */ = {isa = PBXFileReference; explicitFileType = wrapper.cfbundle; includeInIndex = 0; path = ComicsTests.xctest; sourceTree = BUILT_PRODUCTS_DIR; };
		9CA4693D1B06FD9300A5208A /* Info.plist */ = {isa = PBXFileReference; lastKnownFileType = text.plist.xml; path = Info.plist; sourceTree = "<group>"; };
		9CA4693E1B06FD9300A5208A /* ComicsTests.m */ = {isa = PBXFileReference; lastKnownFileType = sourcecode.c.objc; path = ComicsTests.m; sourceTree = "<group>"; };
		9CA469481B06FF1800A5208A /* SearchViewController.h */ = {isa = PBXFileReference; fileEncoding = 4; lastKnownFileType = sourcecode.c.h; path = SearchViewController.h; sourceTree = "<group>"; };
		9CA469491B06FF1800A5208A /* SearchViewController.m */ = {isa = PBXFileReference; fileEncoding = 4; lastKnownFileType = sourcecode.c.objc; path = SearchViewController.m; sourceTree = "<group>"; };
		9CA4694C1B07034900A5208A /* SuggestionsViewController.h */ = {isa = PBXFileReference; fileEncoding = 4; lastKnownFileType = sourcecode.c.h; path = SuggestionsViewController.h; sourceTree = "<group>"; };
		9CA4694D1B07034900A5208A /* SuggestionsViewController.m */ = {isa = PBXFileReference; fileEncoding = 4; lastKnownFileType = sourcecode.c.objc; path = SuggestionsViewController.m; sourceTree = "<group>"; };
		9CA469511B07083500A5208A /* SuggestionsViewModel.h */ = {isa = PBXFileReference; fileEncoding = 4; lastKnownFileType = sourcecode.c.h; path = SuggestionsViewModel.h; sourceTree = "<group>"; };
		9CA469521B07083500A5208A /* SuggestionsViewModel.m */ = {isa = PBXFileReference; fileEncoding = 4; lastKnownFileType = sourcecode.c.objc; path = SuggestionsViewModel.m; sourceTree = "<group>"; };
		9CAE7D611B1A71B20076F8E6 /* Character.h */ = {isa = PBXFileReference; fileEncoding = 4; lastKnownFileType = sourcecode.c.h; path = Character.h; sourceTree = "<group>"; };
		9CAE7D621B1A71B20076F8E6 /* Character.m */ = {isa = PBXFileReference; fileEncoding = 4; lastKnownFileType = sourcecode.c.objc; path = Character.m; sourceTree = "<group>"; };
		9CE17E951B07995900189CF0 /* Constants.h */ = {isa = PBXFileReference; fileEncoding = 4; lastKnownFileType = sourcecode.c.h; path = Constants.h; sourceTree = "<group>"; };
		9CE17E961B07A4D500189CF0 /* ComicsVineClient.h */ = {isa = PBXFileReference; fileEncoding = 4; lastKnownFileType = sourcecode.c.h; path = ComicsVineClient.h; sourceTree = "<group>"; };
		9CE17E971B07A4D500189CF0 /* ComicsVineClient.m */ = {isa = PBXFileReference; fileEncoding = 4; lastKnownFileType = sourcecode.c.objc; path = ComicsVineClient.m; sourceTree = "<group>"; };
		9CE17E991B07DA3300189CF0 /* Response.h */ = {isa = PBXFileReference; fileEncoding = 4; lastKnownFileType = sourcecode.c.h; path = Response.h; sourceTree = "<group>"; };
		9CE17E9A1B07DA3300189CF0 /* Response.m */ = {isa = PBXFileReference; fileEncoding = 4; lastKnownFileType = sourcecode.c.objc; path = Response.m; sourceTree = "<group>"; };
		9CE17E9E1B07DEB800189CF0 /* Volume.h */ = {isa = PBXFileReference; fileEncoding = 4; lastKnownFileType = sourcecode.c.h; path = Volume.h; sourceTree = "<group>"; };
		9CE17E9F1B07DEB800189CF0 /* Volume.m */ = {isa = PBXFileReference; fileEncoding = 4; lastKnownFileType = sourcecode.c.objc; path = Volume.m; sourceTree = "<group>"; };
		ACA6862C3FD7B070D60AE50C /* Pods-Comics.debug.xcconfig */ = {isa = PBXFileReference; includeInIndex = 1; lastKnownFileType = text.xcconfig; name = "Pods-Comics.debug.xcconfig"; path = "Pods/Target Support Files/Pods-Comics/Pods-Comics.debug.xcconfig"; sourceTree = "<group>"; };
/* End PBXFileReference section */

/* Begin PBXFrameworksBuildPhase section */
		9CA469191B06FD9300A5208A /* Frameworks */ = {
			isa = PBXFrameworksBuildPhase;
			buildActionMask = 2147483647;
			files = (
				CD6F850F3A0F5B405AD708BC /* libPods-Comics.a in Frameworks */,
			);
			runOnlyForDeploymentPostprocessing = 0;
		};
		9CA469351B06FD9300A5208A /* Frameworks */ = {
			isa = PBXFrameworksBuildPhase;
			buildActionMask = 2147483647;
			files = (
			);
			runOnlyForDeploymentPostprocessing = 0;
		};
/* End PBXFrameworksBuildPhase section */

/* Begin PBXGroup section */
		1B3A88AC688B58D2FEF6B57D /* Frameworks */ = {
			isa = PBXGroup;
			children = (
				752E7497B4764D21B00B0628 /* libPods-Comics.a */,
			);
			name = Frameworks;
			sourceTree = "<group>";
		};
		9C8C2BA41B08EECD006DF395 /* Views */ = {
			isa = PBXGroup;
			children = (
				9C8C2BA11B08EEC6006DF395 /* SearchResultsCell.h */,
				9C8C2BA21B08EEC6006DF395 /* SearchResultsCell.m */,
			);
			name = Views;
			sourceTree = "<group>";
		};
		9C8C2BA51B0922D0006DF395 /* Models */ = {
			isa = PBXGroup;
			children = (
				9CE17E991B07DA3300189CF0 /* Response.h */,
				9CE17E9A1B07DA3300189CF0 /* Response.m */,
				9CE17E9E1B07DEB800189CF0 /* Volume.h */,
				9CE17E9F1B07DEB800189CF0 /* Volume.m */,
				9C8C2BAF1B092503006DF395 /* Core Data */,
				9CAE7D611B1A71B20076F8E6 /* Character.h */,
				9CAE7D621B1A71B20076F8E6 /* Character.m */,
			);
			name = Models;
			sourceTree = "<group>";
		};
		9C8C2BAF1B092503006DF395 /* Core Data */ = {
			isa = PBXGroup;
			children = (
				9C8C2BA61B0922F8006DF395 /* Search.xcdatamodeld */,
				9C8C2BB01B092518006DF395 /* Machine Files */,
				9C8C2BAB1B0924FC006DF395 /* ManagedVolume.h */,
				9C8C2BAC1B0924FC006DF395 /* ManagedVolume.m */,
			);
			name = "Core Data";
			sourceTree = "<group>";
		};
		9C8C2BB01B092518006DF395 /* Machine Files */ = {
			isa = PBXGroup;
			children = (
				9C8C2BA91B0924FC006DF395 /* _ManagedVolume.h */,
				9C8C2BAA1B0924FC006DF395 /* _ManagedVolume.m */,
			);
			name = "Machine Files";
			sourceTree = "<group>";
		};
		9CA469131B06FD9200A5208A = {
			isa = PBXGroup;
			children = (
				9CA4691E1B06FD9300A5208A /* Comics */,
				9CA4693B1B06FD9300A5208A /* ComicsTests */,
				9CA4691D1B06FD9300A5208A /* Products */,
				EEA8CD61B6A122779B1D4314 /* Pods */,
				1B3A88AC688B58D2FEF6B57D /* Frameworks */,
			);
			sourceTree = "<group>";
		};
		9CA4691D1B06FD9300A5208A /* Products */ = {
			isa = PBXGroup;
			children = (
				9CA4691C1B06FD9300A5208A /* Comics.app */,
				9CA469381B06FD9300A5208A /* ComicsTests.xctest */,
			);
			name = Products;
			sourceTree = "<group>";
		};
		9CA4691E1B06FD9300A5208A /* Comics */ = {
			isa = PBXGroup;
			children = (
				9C8C2BA51B0922D0006DF395 /* Models */,
				9C8C2BA41B08EECD006DF395 /* Views */,
				9CE17E9C1B07DE8100189CF0 /* Utils */,
				9CE17E9D1B07DE9400189CF0 /* Network */,
				9CA469231B06FD9300A5208A /* AppDelegate.h */,
				9CA469241B06FD9300A5208A /* AppDelegate.m */,
				9CA469541B07084000A5208A /* View Models */,
				9CA4694B1B07027300A5208A /* Controllers */,
				9CA4692C1B06FD9300A5208A /* Main.storyboard */,
				9CA4692F1B06FD9300A5208A /* Images.xcassets */,
				9CA469311B06FD9300A5208A /* LaunchScreen.xib */,
				9CA4691F1B06FD9300A5208A /* Supporting Files */,
			);
			path = Comics;
			sourceTree = "<group>";
		};
		9CA4691F1B06FD9300A5208A /* Supporting Files */ = {
			isa = PBXGroup;
			children = (
				9CA469201B06FD9300A5208A /* Info.plist */,
				9CA469211B06FD9300A5208A /* main.m */,
			);
			name = "Supporting Files";
			sourceTree = "<group>";
		};
		9CA4693B1B06FD9300A5208A /* ComicsTests */ = {
			isa = PBXGroup;
			children = (
				9CA4693E1B06FD9300A5208A /* ComicsTests.m */,
				9CA4693C1B06FD9300A5208A /* Supporting Files */,
			);
			path = ComicsTests;
			sourceTree = "<group>";
		};
		9CA4693C1B06FD9300A5208A /* Supporting Files */ = {
			isa = PBXGroup;
			children = (
				9CA4693D1B06FD9300A5208A /* Info.plist */,
			);
			name = "Supporting Files";
			sourceTree = "<group>";
		};
		9CA4694B1B07027300A5208A /* Controllers */ = {
			isa = PBXGroup;
			children = (
				9CA4694F1B07036500A5208A /* Search */,
				9CA469501B07037600A5208A /* Suggestions */,
			);
			name = Controllers;
			sourceTree = "<group>";
		};
		9CA4694F1B07036500A5208A /* Search */ = {
			isa = PBXGroup;
			children = (
				9CA469481B06FF1800A5208A /* SearchViewController.h */,
				9CA469491B06FF1800A5208A /* SearchViewController.m */,
			);
			name = Search;
			sourceTree = "<group>";
		};
		9CA469501B07037600A5208A /* Suggestions */ = {
			isa = PBXGroup;
			children = (
				9CA4694C1B07034900A5208A /* SuggestionsViewController.h */,
				9CA4694D1B07034900A5208A /* SuggestionsViewController.m */,
			);
			name = Suggestions;
			sourceTree = "<group>";
		};
		9CA469541B07084000A5208A /* View Models */ = {
			isa = PBXGroup;
			children = (
				9CA469511B07083500A5208A /* SuggestionsViewModel.h */,
				9CA469521B07083500A5208A /* SuggestionsViewModel.m */,
				9C8C2B9B1B08E659006DF395 /* SearchViewModel.h */,
				9C8C2B9C1B08E659006DF395 /* SearchViewModel.m */,
				9C8C2B9E1B08E695006DF395 /* SearchResultsViewModel.h */,
				9C8C2B9F1B08E695006DF395 /* SearchResultsViewModel.m */,
			);
			name = "View Models";
			sourceTree = "<group>";
		};
		9CE17E9C1B07DE8100189CF0 /* Utils */ = {
			isa = PBXGroup;
			children = (
				9CE17E951B07995900189CF0 /* Constants.h */,
			);
			name = Utils;
			sourceTree = "<group>";
		};
		9CE17E9D1B07DE9400189CF0 /* Network */ = {
			isa = PBXGroup;
			children = (
				9CE17E961B07A4D500189CF0 /* ComicsVineClient.h */,
				9CE17E971B07A4D500189CF0 /* ComicsVineClient.m */,
			);
			name = Network;
			sourceTree = "<group>";
		};
		EEA8CD61B6A122779B1D4314 /* Pods */ = {
			isa = PBXGroup;
			children = (
				ACA6862C3FD7B070D60AE50C /* Pods-Comics.debug.xcconfig */,
				7F7E3C8DE39EEF4C1C0E17F5 /* Pods-Comics.release.xcconfig */,
			);
			name = Pods;
			sourceTree = "<group>";
		};
/* End PBXGroup section */

/* Begin PBXNativeTarget section */
		9CA4691B1B06FD9300A5208A /* Comics */ = {
			isa = PBXNativeTarget;
			buildConfigurationList = 9CA469421B06FD9300A5208A /* Build configuration list for PBXNativeTarget "Comics" */;
			buildPhases = (
				67BEBEBBF3AB51B878F58BB6 /* Check Pods Manifest.lock */,
				9CA469181B06FD9300A5208A /* Sources */,
				9CA469191B06FD9300A5208A /* Frameworks */,
				9CA4691A1B06FD9300A5208A /* Resources */,
				F407B0A743B21905B24FFD16 /* Copy Pods Resources */,
			);
			buildRules = (
			);
			dependencies = (
			);
			name = Comics;
			productName = Comics;
			productReference = 9CA4691C1B06FD9300A5208A /* Comics.app */;
			productType = "com.apple.product-type.application";
		};
		9CA469371B06FD9300A5208A /* ComicsTests */ = {
			isa = PBXNativeTarget;
			buildConfigurationList = 9CA469451B06FD9300A5208A /* Build configuration list for PBXNativeTarget "ComicsTests" */;
			buildPhases = (
				9CA469341B06FD9300A5208A /* Sources */,
				9CA469351B06FD9300A5208A /* Frameworks */,
				9CA469361B06FD9300A5208A /* Resources */,
			);
			buildRules = (
			);
			dependencies = (
				9CA4693A1B06FD9300A5208A /* PBXTargetDependency */,
			);
			name = ComicsTests;
			productName = ComicsTests;
			productReference = 9CA469381B06FD9300A5208A /* ComicsTests.xctest */;
			productType = "com.apple.product-type.bundle.unit-test";
		};
/* End PBXNativeTarget section */

/* Begin PBXProject section */
		9CA469141B06FD9200A5208A /* Project object */ = {
			isa = PBXProject;
			attributes = {
				LastUpgradeCheck = 0630;
				ORGANIZATIONNAME = "Alejandro Rodriguez";
				TargetAttributes = {
					9CA4691B1B06FD9300A5208A = {
						CreatedOnToolsVersion = 6.3.1;
					};
					9CA469371B06FD9300A5208A = {
						CreatedOnToolsVersion = 6.3.1;
						TestTargetID = 9CA4691B1B06FD9300A5208A;
					};
				};
			};
			buildConfigurationList = 9CA469171B06FD9200A5208A /* Build configuration list for PBXProject "Comics" */;
			compatibilityVersion = "Xcode 3.2";
			developmentRegion = English;
			hasScannedForEncodings = 0;
			knownRegions = (
				en,
				Base,
			);
			mainGroup = 9CA469131B06FD9200A5208A;
			productRefGroup = 9CA4691D1B06FD9300A5208A /* Products */;
			projectDirPath = "";
			projectRoot = "";
			targets = (
				9CA4691B1B06FD9300A5208A /* Comics */,
				9CA469371B06FD9300A5208A /* ComicsTests */,
			);
		};
/* End PBXProject section */

/* Begin PBXResourcesBuildPhase section */
		9CA4691A1B06FD9300A5208A /* Resources */ = {
			isa = PBXResourcesBuildPhase;
			buildActionMask = 2147483647;
			files = (
				9CA4692E1B06FD9300A5208A /* Main.storyboard in Resources */,
				9CA469331B06FD9300A5208A /* LaunchScreen.xib in Resources */,
				9CA469301B06FD9300A5208A /* Images.xcassets in Resources */,
			);
			runOnlyForDeploymentPostprocessing = 0;
		};
		9CA469361B06FD9300A5208A /* Resources */ = {
			isa = PBXResourcesBuildPhase;
			buildActionMask = 2147483647;
			files = (
			);
			runOnlyForDeploymentPostprocessing = 0;
		};
/* End PBXResourcesBuildPhase section */

/* Begin PBXShellScriptBuildPhase section */
		67BEBEBBF3AB51B878F58BB6 /* Check Pods Manifest.lock */ = {
			isa = PBXShellScriptBuildPhase;
			buildActionMask = 2147483647;
			files = (
			);
			inputPaths = (
			);
			name = "Check Pods Manifest.lock";
			outputPaths = (
			);
			runOnlyForDeploymentPostprocessing = 0;
			shellPath = /bin/sh;
			shellScript = "diff \"${PODS_ROOT}/../Podfile.lock\" \"${PODS_ROOT}/Manifest.lock\" > /dev/null\nif [[ $? != 0 ]] ; then\n    cat << EOM\nerror: The sandbox is not in sync with the Podfile.lock. Run 'pod install' or update your CocoaPods installation.\nEOM\n    exit 1\nfi\n";
			showEnvVarsInLog = 0;
		};
		F407B0A743B21905B24FFD16 /* Copy Pods Resources */ = {
			isa = PBXShellScriptBuildPhase;
			buildActionMask = 2147483647;
			files = (
			);
			inputPaths = (
			);
			name = "Copy Pods Resources";
			outputPaths = (
			);
			runOnlyForDeploymentPostprocessing = 0;
			shellPath = /bin/sh;
			shellScript = "\"${SRCROOT}/Pods/Target Support Files/Pods-Comics/Pods-Comics-resources.sh\"\n";
			showEnvVarsInLog = 0;
		};
/* End PBXShellScriptBuildPhase section */

/* Begin PBXSourcesBuildPhase section */
		9CA469181B06FD9300A5208A /* Sources */ = {
			isa = PBXSourcesBuildPhase;
			buildActionMask = 2147483647;
			files = (
				9CE17E981B07A4D500189CF0 /* ComicsVineClient.m in Sources */,
				9C8C2BAE1B0924FC006DF395 /* ManagedVolume.m in Sources */,
				9C8C2BAD1B0924FC006DF395 /* _ManagedVolume.m in Sources */,
				9C8C2BA01B08E695006DF395 /* SearchResultsViewModel.m in Sources */,
				9C8C2B9D1B08E659006DF395 /* SearchViewModel.m in Sources */,
				9CA4694E1B07034900A5208A /* SuggestionsViewController.m in Sources */,
				9CE17E9B1B07DA3300189CF0 /* Response.m in Sources */,
				9CE17EA01B07DEB800189CF0 /* Volume.m in Sources */,
				9CA469531B07083500A5208A /* SuggestionsViewModel.m in Sources */,
				9CA4694A1B06FF1800A5208A /* SearchViewController.m in Sources */,
				9C8C2BA31B08EEC6006DF395 /* SearchResultsCell.m in Sources */,
				9CAE7D631B1A71B20076F8E6 /* Character.m in Sources */,
				9C8C2BA81B0922F8006DF395 /* Search.xcdatamodeld in Sources */,
				9CA469251B06FD9300A5208A /* AppDelegate.m in Sources */,
				9CA469221B06FD9300A5208A /* main.m in Sources */,
			);
			runOnlyForDeploymentPostprocessing = 0;
		};
		9CA469341B06FD9300A5208A /* Sources */ = {
			isa = PBXSourcesBuildPhase;
			buildActionMask = 2147483647;
			files = (
				9CA4693F1B06FD9300A5208A /* ComicsTests.m in Sources */,
			);
			runOnlyForDeploymentPostprocessing = 0;
		};
/* End PBXSourcesBuildPhase section */

/* Begin PBXTargetDependency section */
		9CA4693A1B06FD9300A5208A /* PBXTargetDependency */ = {
			isa = PBXTargetDependency;
			target = 9CA4691B1B06FD9300A5208A /* Comics */;
			targetProxy = 9CA469391B06FD9300A5208A /* PBXContainerItemProxy */;
		};
/* End PBXTargetDependency section */

/* Begin PBXVariantGroup section */
		9CA4692C1B06FD9300A5208A /* Main.storyboard */ = {
			isa = PBXVariantGroup;
			children = (
				9CA4692D1B06FD9300A5208A /* Base */,
			);
			name = Main.storyboard;
			sourceTree = "<group>";
		};
		9CA469311B06FD9300A5208A /* LaunchScreen.xib */ = {
			isa = PBXVariantGroup;
			children = (
				9CA469321B06FD9300A5208A /* Base */,
			);
			name = LaunchScreen.xib;
			sourceTree = "<group>";
		};
/* End PBXVariantGroup section */

/* Begin XCBuildConfiguration section */
		9CA469401B06FD9300A5208A /* Debug */ = {
			isa = XCBuildConfiguration;
			buildSettings = {
				ALWAYS_SEARCH_USER_PATHS = NO;
				CLANG_CXX_LANGUAGE_STANDARD = "gnu++0x";
				CLANG_CXX_LIBRARY = "libc++";
				CLANG_ENABLE_MODULES = YES;
				CLANG_ENABLE_OBJC_ARC = YES;
				CLANG_WARN_BOOL_CONVERSION = YES;
				CLANG_WARN_CONSTANT_CONVERSION = YES;
				CLANG_WARN_DIRECT_OBJC_ISA_USAGE = YES_ERROR;
				CLANG_WARN_EMPTY_BODY = YES;
				CLANG_WARN_ENUM_CONVERSION = YES;
				CLANG_WARN_INT_CONVERSION = YES;
				CLANG_WARN_OBJC_ROOT_CLASS = YES_ERROR;
				CLANG_WARN_UNREACHABLE_CODE = YES;
				CLANG_WARN__DUPLICATE_METHOD_MATCH = YES;
				"CODE_SIGN_IDENTITY[sdk=iphoneos*]" = "iPhone Developer";
				COPY_PHASE_STRIP = NO;
				DEBUG_INFORMATION_FORMAT = "dwarf-with-dsym";
				ENABLE_STRICT_OBJC_MSGSEND = YES;
				GCC_C_LANGUAGE_STANDARD = gnu99;
				GCC_DYNAMIC_NO_PIC = NO;
				GCC_NO_COMMON_BLOCKS = YES;
				GCC_OPTIMIZATION_LEVEL = 0;
				GCC_PREPROCESSOR_DEFINITIONS = (
					"DEBUG=1",
					"$(inherited)",
				);
				GCC_SYMBOLS_PRIVATE_EXTERN = NO;
				GCC_WARN_64_TO_32_BIT_CONVERSION = YES;
				GCC_WARN_ABOUT_RETURN_TYPE = YES_ERROR;
				GCC_WARN_UNDECLARED_SELECTOR = YES;
				GCC_WARN_UNINITIALIZED_AUTOS = YES_AGGRESSIVE;
				GCC_WARN_UNUSED_FUNCTION = YES;
				GCC_WARN_UNUSED_VARIABLE = YES;
				IPHONEOS_DEPLOYMENT_TARGET = 8.3;
				MTL_ENABLE_DEBUG_INFO = YES;
				ONLY_ACTIVE_ARCH = YES;
				SDKROOT = iphoneos;
			};
			name = Debug;
		};
		9CA469411B06FD9300A5208A /* Release */ = {
			isa = XCBuildConfiguration;
			buildSettings = {
				ALWAYS_SEARCH_USER_PATHS = NO;
				CLANG_CXX_LANGUAGE_STANDARD = "gnu++0x";
				CLANG_CXX_LIBRARY = "libc++";
				CLANG_ENABLE_MODULES = YES;
				CLANG_ENABLE_OBJC_ARC = YES;
				CLANG_WARN_BOOL_CONVERSION = YES;
				CLANG_WARN_CONSTANT_CONVERSION = YES;
				CLANG_WARN_DIRECT_OBJC_ISA_USAGE = YES_ERROR;
				CLANG_WARN_EMPTY_BODY = YES;
				CLANG_WARN_ENUM_CONVERSION = YES;
				CLANG_WARN_INT_CONVERSION = YES;
				CLANG_WARN_OBJC_ROOT_CLASS = YES_ERROR;
				CLANG_WARN_UNREACHABLE_CODE = YES;
				CLANG_WARN__DUPLICATE_METHOD_MATCH = YES;
				"CODE_SIGN_IDENTITY[sdk=iphoneos*]" = "iPhone Developer";
				COPY_PHASE_STRIP = NO;
				DEBUG_INFORMATION_FORMAT = "dwarf-with-dsym";
				ENABLE_NS_ASSERTIONS = NO;
				ENABLE_STRICT_OBJC_MSGSEND = YES;
				GCC_C_LANGUAGE_STANDARD = gnu99;
				GCC_NO_COMMON_BLOCKS = YES;
				GCC_WARN_64_TO_32_BIT_CONVERSION = YES;
				GCC_WARN_ABOUT_RETURN_TYPE = YES_ERROR;
				GCC_WARN_UNDECLARED_SELECTOR = YES;
				GCC_WARN_UNINITIALIZED_AUTOS = YES_AGGRESSIVE;
				GCC_WARN_UNUSED_FUNCTION = YES;
				GCC_WARN_UNUSED_VARIABLE = YES;
				IPHONEOS_DEPLOYMENT_TARGET = 8.3;
				MTL_ENABLE_DEBUG_INFO = NO;
				SDKROOT = iphoneos;
				VALIDATE_PRODUCT = YES;
			};
			name = Release;
		};
		9CA469431B06FD9300A5208A /* Debug */ = {
			isa = XCBuildConfiguration;
			baseConfigurationReference = ACA6862C3FD7B070D60AE50C /* Pods-Comics.debug.xcconfig */;
			buildSettings = {
				ASSETCATALOG_COMPILER_APPICON_NAME = AppIcon;
				INFOPLIST_FILE = Comics/Info.plist;
				LD_RUNPATH_SEARCH_PATHS = "$(inherited) @executable_path/Frameworks";
				PRODUCT_NAME = "$(TARGET_NAME)";
			};
			name = Debug;
		};
		9CA469441B06FD9300A5208A /* Release */ = {
			isa = XCBuildConfiguration;
			baseConfigurationReference = 7F7E3C8DE39EEF4C1C0E17F5 /* Pods-Comics.release.xcconfig */;
			buildSettings = {
				ASSETCATALOG_COMPILER_APPICON_NAME = AppIcon;
				INFOPLIST_FILE = Comics/Info.plist;
				LD_RUNPATH_SEARCH_PATHS = "$(inherited) @executable_path/Frameworks";
				PRODUCT_NAME = "$(TARGET_NAME)";
			};
			name = Release;
		};
		9CA469461B06FD9300A5208A /* Debug */ = {
			isa = XCBuildConfiguration;
			buildSettings = {
				BUNDLE_LOADER = "$(TEST_HOST)";
				FRAMEWORK_SEARCH_PATHS = (
					"$(SDKROOT)/Developer/Library/Frameworks",
					"$(inherited)",
				);
				GCC_PREPROCESSOR_DEFINITIONS = (
					"DEBUG=1",
					"$(inherited)",
				);
				INFOPLIST_FILE = ComicsTests/Info.plist;
				LD_RUNPATH_SEARCH_PATHS = "$(inherited) @executable_path/Frameworks @loader_path/Frameworks";
				PRODUCT_NAME = "$(TARGET_NAME)";
				TEST_HOST = "$(BUILT_PRODUCTS_DIR)/Comics.app/Comics";
			};
			name = Debug;
		};
		9CA469471B06FD9300A5208A /* Release */ = {
			isa = XCBuildConfiguration;
			buildSettings = {
				BUNDLE_LOADER = "$(TEST_HOST)";
				FRAMEWORK_SEARCH_PATHS = (
					"$(SDKROOT)/Developer/Library/Frameworks",
					"$(inherited)",
				);
				INFOPLIST_FILE = ComicsTests/Info.plist;
				LD_RUNPATH_SEARCH_PATHS = "$(inherited) @executable_path/Frameworks @loader_path/Frameworks";
				PRODUCT_NAME = "$(TARGET_NAME)";
				TEST_HOST = "$(BUILT_PRODUCTS_DIR)/Comics.app/Comics";
			};
			name = Release;
		};
/* End XCBuildConfiguration section */

/* Begin XCConfigurationList section */
		9CA469171B06FD9200A5208A /* Build configuration list for PBXProject "Comics" */ = {
			isa = XCConfigurationList;
			buildConfigurations = (
				9CA469401B06FD9300A5208A /* Debug */,
				9CA469411B06FD9300A5208A /* Release */,
			);
			defaultConfigurationIsVisible = 0;
			defaultConfigurationName = Release;
		};
		9CA469421B06FD9300A5208A /* Build configuration list for PBXNativeTarget "Comics" */ = {
			isa = XCConfigurationList;
			buildConfigurations = (
				9CA469431B06FD9300A5208A /* Debug */,
				9CA469441B06FD9300A5208A /* Release */,
			);
			defaultConfigurationIsVisible = 0;
			defaultConfigurationName = Release;
		};
		9CA469451B06FD9300A5208A /* Build configuration list for PBXNativeTarget "ComicsTests" */ = {
			isa = XCConfigurationList;
			buildConfigurations = (
				9CA469461B06FD9300A5208A /* Debug */,
				9CA469471B06FD9300A5208A /* Release */,
			);
			defaultConfigurationIsVisible = 0;
			defaultConfigurationName = Release;
		};
/* End XCConfigurationList section */

/* Begin XCVersionGroup section */
		9C8C2BA61B0922F8006DF395 /* Search.xcdatamodeld */ = {
			isa = XCVersionGroup;
			children = (
				9C8C2BA71B0922F8006DF395 /* Search.xcdatamodel */,
			);
			currentVersion = 9C8C2BA71B0922F8006DF395 /* Search.xcdatamodel */;
			path = Search.xcdatamodeld;
			sourceTree = "<group>";
			versionGroupType = wrapper.xcdatamodel;
		};
/* End XCVersionGroup section */
	};
	rootObject = 9CA469141B06FD9200A5208A /* Project object */;
}
